
Microsoft Visual Studio Solution File, Format Version 12.00
# Visual Studio Version 17
VisualStudioVersion = 17.0.31903.59
MinimumVisualStudioVersion = 10.0.40219.1
Project("{FAE04EC0-301F-11D3-BF4B-00C04F79EFBC}") = "Yello.Domain", "Yello.Domain\Yello.Domain.csproj", "{E62C3E5C-E182-4E5F-9A1A-7BC18E89D113}"
EndProject
Project("{FAE04EC0-301F-11D3-BF4B-00C04F79EFBC}") = "Yello.Application", "Yello.Application\Yello.Application.csproj", "{D1F2C6D9-BBDD-4671-A2C1-6E85C7F81027}"
EndProject
Project("{FAE04EC0-301F-11D3-BF4B-00C04F79EFBC}") = "Yello.Infrastructure", "Yello.Infrastructure\Yello.Infrastructure.csproj", "{49A05789-CAB9-4320-BD8F-2CCEBC99056F}"
EndProject
Project("{FAE04EC0-301F-11D3-BF4B-00C04F79EFBC}") = "Yello.Host", "Yello.Host\Yello.Host.csproj", "{1DFF3B58-B9EC-41CD-860A-28666A66A4C6}"
EndProject
Project("{FAE04EC0-301F-11D3-BF4B-00C04F79EFBC}") = "Yello.Contracts", "Yello.Contracts\Yello.Contracts.csproj", "{1EC026FB-6694-4D90-8226-078F802134E7}"
EndProject
Project("{FAE04EC0-301F-11D3-BF4B-00C04F79EFBC}") = "Yello.Merge", "Yello.Merge\Yello.Merge.csproj", "{9EDFE865-829B-4C78-BCCF-96B2C9F6C453}"
EndProject
Project("{FAE04EC0-301F-11D3-BF4B-00C04F79EFBC}") = "Yello.Client", "Yello.Client\Yello.Client.csproj", "{1FBE2A90-CD86-4257-8CB5-760D942F5B99}"
EndProject
Project("{FAE04EC0-301F-11D3-BF4B-00C04F79EFBC}") = "Yello.AppHost", "Yello.AppHost\Yello.AppHost.csproj", "{F2137027-5B3A-4DCE-BA36-3B4781123F9F}"
EndProject
Project("{2150E333-8FDC-42A3-9474-1A3956D46DE8}") = "tests", "tests", "{0AB3BF05-4346-4AA6-1389-037BE0695223}"
EndProject
Project("{FAE04EC0-301F-11D3-BF4B-00C04F79EFBC}") = "Yello.Tests.Isolation", "tests\Yello.Tests.Isolation\Yello.Tests.Isolation.csproj", "{2AEABF36-4F3E-4D58-A15B-C64BB3136048}"
EndProject
Project("{FAE04EC0-301F-11D3-BF4B-00C04F79EFBC}") = "Yello.Tests.Revocation", "tests\Yello.Tests.Revocation\Yello.Tests.Revocation.csproj", "{5618D0C2-3BD6-4FAA-A916-C9EEC2635CC7}"
EndProject
Project("{FAE04EC0-301F-11D3-BF4B-00C04F79EFBC}") = "Yello.Tests.Merge", "tests\Yello.Tests.Merge\Yello.Tests.Merge.csproj", "{DE75A02A-F65C-4D79-BDF5-A8F7564C53BF}"
EndProject
Project("{FAE04EC0-301F-11D3-BF4B-00C04F79EFBC}") = "Yello.Tests.Architecture", "tests\Yello.Tests.Architecture\Yello.Tests.Architecture.csproj", "{9BEA7C74-EDA5-4E49-B9C7-E59BAD83159C}"
EndProject
Project("{FAE04EC0-301F-11D3-BF4B-00C04F79EFBC}") = "Yello.Tests.Slices", "tests\Yello.Tests.Slices\Yello.Tests.Slices.csproj", "{94882BD3-571E-4BE9-8C1F-2BF4F353168B}"
EndProject
Project("{FAE04EC0-301F-11D3-BF4B-00C04F79EFBC}") = "Yello.Tests.Shared", "tests\Yello.Tests.Shared\Yello.Tests.Shared.csproj", "{517F1AFE-B196-4809-AA10-9280B779DD4C}"
EndProject
Global
	GlobalSection(SolutionConfigurationPlatforms) = preSolution
		Debug|Any CPU = Debug|Any CPU
		Debug|x64 = Debug|x64
		Debug|x86 = Debug|x86
		Release|Any CPU = Release|Any CPU
		Release|x64 = Release|x64
		Release|x86 = Release|x86
	EndGlobalSection
	GlobalSection(ProjectConfigurationPlatforms) = postSolution
		{E62C3E5C-E182-4E5F-9A1A-7BC18E89D113}.Debug|Any CPU.ActiveCfg = Debug|Any CPU
		{E62C3E5C-E182-4E5F-9A1A-7BC18E89D113}.Debug|Any CPU.Build.0 = Debug|Any CPU
		{E62C3E5C-E182-4E5F-9A1A-7BC18E89D113}.Debug|x64.ActiveCfg = Debug|Any CPU
		{E62C3E5C-E182-4E5F-9A1A-7BC18E89D113}.Debug|x64.Build.0 = Debug|Any CPU
		{E62C3E5C-E182-4E5F-9A1A-7BC18E89D113}.Debug|x86.ActiveCfg = Debug|Any CPU
		{E62C3E5C-E182-4E5F-9A1A-7BC18E89D113}.Debug|x86.Build.0 = Debug|Any CPU
		{E62C3E5C-E182-4E5F-9A1A-7BC18E89D113}.Release|Any CPU.ActiveCfg = Release|Any CPU
		{E62C3E5C-E182-4E5F-9A1A-7BC18E89D113}.Release|Any CPU.Build.0 = Release|Any CPU
		{E62C3E5C-E182-4E5F-9A1A-7BC18E89D113}.Release|x64.ActiveCfg = Release|Any CPU
		{E62C3E5C-E182-4E5F-9A1A-7BC18E89D113}.Release|x64.Build.0 = Release|Any CPU
		{E62C3E5C-E182-4E5F-9A1A-7BC18E89D113}.Release|x86.ActiveCfg = Release|Any CPU
		{E62C3E5C-E182-4E5F-9A1A-7BC18E89D113}.Release|x86.Build.0 = Release|Any CPU
		{D1F2C6D9-BBDD-4671-A2C1-6E85C7F81027}.Debug|Any CPU.ActiveCfg = Debug|Any CPU
		{D1F2C6D9-BBDD-4671-A2C1-6E85C7F81027}.Debug|Any CPU.Build.0 = Debug|Any CPU
		{D1F2C6D9-BBDD-4671-A2C1-6E85C7F81027}.Debug|x64.ActiveCfg = Debug|Any CPU
		{D1F2C6D9-BBDD-4671-A2C1-6E85C7F81027}.Debug|x64.Build.0 = Debug|Any CPU
		{D1F2C6D9-BBDD-4671-A2C1-6E85C7F81027}.Debug|x86.ActiveCfg = Debug|Any CPU
		{D1F2C6D9-BBDD-4671-A2C1-6E85C7F81027}.Debug|x86.Build.0 = Debug|Any CPU
		{D1F2C6D9-BBDD-4671-A2C1-6E85C7F81027}.Release|Any CPU.ActiveCfg = Release|Any CPU
		{D1F2C6D9-BBDD-4671-A2C1-6E85C7F81027}.Release|Any CPU.Build.0 = Release|Any CPU
		{D1F2C6D9-BBDD-4671-A2C1-6E85C7F81027}.Release|x64.ActiveCfg = Release|Any CPU
		{D1F2C6D9-BBDD-4671-A2C1-6E85C7F81027}.Release|x64.Build.0 = Release|Any CPU
		{D1F2C6D9-BBDD-4671-A2C1-6E85C7F81027}.Release|x86.ActiveCfg = Release|Any CPU
		{D1F2C6D9-BBDD-4671-A2C1-6E85C7F81027}.Release|x86.Build.0 = Release|Any CPU
		{49A05789-CAB9-4320-BD8F-2CCEBC99056F}.Debug|Any CPU.ActiveCfg = Debug|Any CPU
		{49A05789-CAB9-4320-BD8F-2CCEBC99056F}.Debug|Any CPU.Build.0 = Debug|Any CPU
		{49A05789-CAB9-4320-BD8F-2CCEBC99056F}.Debug|x64.ActiveCfg = Debug|Any CPU
		{49A05789-CAB9-4320-BD8F-2CCEBC99056F}.Debug|x64.Build.0 = Debug|Any CPU
		{49A05789-CAB9-4320-BD8F-2CCEBC99056F}.Debug|x86.ActiveCfg = Debug|Any CPU
		{49A05789-CAB9-4320-BD8F-2CCEBC99056F}.Debug|x86.Build.0 = Debug|Any CPU
		{49A05789-CAB9-4320-BD8F-2CCEBC99056F}.Release|Any CPU.ActiveCfg = Release|Any CPU
		{49A05789-CAB9-4320-BD8F-2CCEBC99056F}.Release|Any CPU.Build.0 = Release|Any CPU
		{49A05789-CAB9-4320-BD8F-2CCEBC99056F}.Release|x64.ActiveCfg = Release|Any CPU
		{49A05789-CAB9-4320-BD8F-2CCEBC99056F}.Release|x64.Build.0 = Release|Any CPU
		{49A05789-CAB9-4320-BD8F-2CCEBC99056F}.Release|x86.ActiveCfg = Release|Any CPU
		{49A05789-CAB9-4320-BD8F-2CCEBC99056F}.Release|x86.Build.0 = Release|Any CPU
		{1DFF3B58-B9EC-41CD-860A-28666A66A4C6}.Debug|Any CPU.ActiveCfg = Debug|Any CPU
		{1DFF3B58-B9EC-41CD-860A-28666A66A4C6}.Debug|Any CPU.Build.0 = Debug|Any CPU
		{1DFF3B58-B9EC-41CD-860A-28666A66A4C6}.Debug|x64.ActiveCfg = Debug|Any CPU
		{1DFF3B58-B9EC-41CD-860A-28666A66A4C6}.Debug|x64.Build.0 = Debug|Any CPU
		{1DFF3B58-B9EC-41CD-860A-28666A66A4C6}.Debug|x86.ActiveCfg = Debug|Any CPU
		{1DFF3B58-B9EC-41CD-860A-28666A66A4C6}.Debug|x86.Build.0 = Debug|Any CPU
		{1DFF3B58-B9EC-41CD-860A-28666A66A4C6}.Release|Any CPU.ActiveCfg = Release|Any CPU
		{1DFF3B58-B9EC-41CD-860A-28666A66A4C6}.Release|Any CPU.Build.0 = Release|Any CPU
		{1DFF3B58-B9EC-41CD-860A-28666A66A4C6}.Release|x64.ActiveCfg = Release|Any CPU
		{1DFF3B58-B9EC-41CD-860A-28666A66A4C6}.Release|x64.Build.0 = Release|Any CPU
		{1DFF3B58-B9EC-41CD-860A-28666A66A4C6}.Release|x86.ActiveCfg = Release|Any CPU
		{1DFF3B58-B9EC-41CD-860A-28666A66A4C6}.Release|x86.Build.0 = Release|Any CPU
		{1EC026FB-6694-4D90-8226-078F802134E7}.Debug|Any CPU.ActiveCfg = Debug|Any CPU
		{1EC026FB-6694-4D90-8226-078F802134E7}.Debug|Any CPU.Build.0 = Debug|Any CPU
		{1EC026FB-6694-4D90-8226-078F802134E7}.Debug|x64.ActiveCfg = Debug|Any CPU
		{1EC026FB-6694-4D90-8226-078F802134E7}.Debug|x64.Build.0 = Debug|Any CPU
		{1EC026FB-6694-4D90-8226-078F802134E7}.Debug|x86.ActiveCfg = Debug|Any CPU
		{1EC026FB-6694-4D90-8226-078F802134E7}.Debug|x86.Build.0 = Debug|Any CPU
		{1EC026FB-6694-4D90-8226-078F802134E7}.Release|Any CPU.ActiveCfg = Release|Any CPU
		{1EC026FB-6694-4D90-8226-078F802134E7}.Release|Any CPU.Build.0 = Release|Any CPU
		{1EC026FB-6694-4D90-8226-078F802134E7}.Release|x64.ActiveCfg = Release|Any CPU
		{1EC026FB-6694-4D90-8226-078F802134E7}.Release|x64.Build.0 = Release|Any CPU
		{1EC026FB-6694-4D90-8226-078F802134E7}.Release|x86.ActiveCfg = Release|Any CPU
		{1EC026FB-6694-4D90-8226-078F802134E7}.Release|x86.Build.0 = Release|Any CPU
		{9EDFE865-829B-4C78-BCCF-96B2C9F6C453}.Debug|Any CPU.ActiveCfg = Debug|Any CPU
		{9EDFE865-829B-4C78-BCCF-96B2C9F6C453}.Debug|Any CPU.Build.0 = Debug|Any CPU
		{9EDFE865-829B-4C78-BCCF-96B2C9F6C453}.Debug|x64.ActiveCfg = Debug|Any CPU
		{9EDFE865-829B-4C78-BCCF-96B2C9F6C453}.Debug|x64.Build.0 = Debug|Any CPU
		{9EDFE865-829B-4C78-BCCF-96B2C9F6C453}.Debug|x86.ActiveCfg = Debug|Any CPU
		{9EDFE865-829B-4C78-BCCF-96B2C9F6C453}.Debug|x86.Build.0 = Debug|Any CPU
		{9EDFE865-829B-4C78-BCCF-96B2C9F6C453}.Release|Any CPU.ActiveCfg = Release|Any CPU
		{9EDFE865-829B-4C78-BCCF-96B2C9F6C453}.Release|Any CPU.Build.0 = Release|Any CPU
		{9EDFE865-829B-4C78-BCCF-96B2C9F6C453}.Release|x64.ActiveCfg = Release|Any CPU
		{9EDFE865-829B-4C78-BCCF-96B2C9F6C453}.Release|x64.Build.0 = Release|Any CPU
		{9EDFE865-829B-4C78-BCCF-96B2C9F6C453}.Release|x86.ActiveCfg = Release|Any CPU
		{9EDFE865-829B-4C78-BCCF-96B2C9F6C453}.Release|x86.Build.0 = Release|Any CPU
		{1FBE2A90-CD86-4257-8CB5-760D942F5B99}.Debug|Any CPU.ActiveCfg = Debug|Any CPU
		{1FBE2A90-CD86-4257-8CB5-760D942F5B99}.Debug|Any CPU.Build.0 = Debug|Any CPU
		{1FBE2A90-CD86-4257-8CB5-760D942F5B99}.Debug|x64.ActiveCfg = Debug|Any CPU
		{1FBE2A90-CD86-4257-8CB5-760D942F5B99}.Debug|x64.Build.0 = Debug|Any CPU
		{1FBE2A90-CD86-4257-8CB5-760D942F5B99}.Debug|x86.ActiveCfg = Debug|Any CPU
		{1FBE2A90-CD86-4257-8CB5-760D942F5B99}.Debug|x86.Build.0 = Debug|Any CPU
		{1FBE2A90-CD86-4257-8CB5-760D942F5B99}.Release|Any CPU.ActiveCfg = Release|Any CPU
		{1FBE2A90-CD86-4257-8CB5-760D942F5B99}.Release|Any CPU.Build.0 = Release|Any CPU
		{1FBE2A90-CD86-4257-8CB5-760D942F5B99}.Release|x64.ActiveCfg = Release|Any CPU
		{1FBE2A90-CD86-4257-8CB5-760D942F5B99}.Release|x64.Build.0 = Release|Any CPU
		{1FBE2A90-CD86-4257-8CB5-760D942F5B99}.Release|x86.ActiveCfg = Release|Any CPU
		{1FBE2A90-CD86-4257-8CB5-760D942F5B99}.Release|x86.Build.0 = Release|Any CPU
		{F2137027-5B3A-4DCE-BA36-3B4781123F9F}.Debug|Any CPU.ActiveCfg = Debug|Any CPU
		{F2137027-5B3A-4DCE-BA36-3B4781123F9F}.Debug|Any CPU.Build.0 = Debug|Any CPU
		{F2137027-5B3A-4DCE-BA36-3B4781123F9F}.Debug|x64.ActiveCfg = Debug|Any CPU
		{F2137027-5B3A-4DCE-BA36-3B4781123F9F}.Debug|x64.Build.0 = Debug|Any CPU
		{F2137027-5B3A-4DCE-BA36-3B4781123F9F}.Debug|x86.ActiveCfg = Debug|Any CPU
		{F2137027-5B3A-4DCE-BA36-3B4781123F9F}.Debug|x86.Build.0 = Debug|Any CPU
		{F2137027-5B3A-4DCE-BA36-3B4781123F9F}.Release|Any CPU.ActiveCfg = Release|Any CPU
		{F2137027-5B3A-4DCE-BA36-3B4781123F9F}.Release|Any CPU.Build.0 = Release|Any CPU
		{F2137027-5B3A-4DCE-BA36-3B4781123F9F}.Release|x64.ActiveCfg = Release|Any CPU
		{F2137027-5B3A-4DCE-BA36-3B4781123F9F}.Release|x64.Build.0 = Release|Any CPU
		{F2137027-5B3A-4DCE-BA36-3B4781123F9F}.Release|x86.ActiveCfg = Release|Any CPU
		{F2137027-5B3A-4DCE-BA36-3B4781123F9F}.Release|x86.Build.0 = Release|Any CPU
		{2AEABF36-4F3E-4D58-A15B-C64BB3136048}.Debug|Any CPU.ActiveCfg = Debug|Any CPU
		{2AEABF36-4F3E-4D58-A15B-C64BB3136048}.Debug|Any CPU.Build.0 = Debug|Any CPU
		{2AEABF36-4F3E-4D58-A15B-C64BB3136048}.Debug|x64.ActiveCfg = Debug|Any CPU
		{2AEABF36-4F3E-4D58-A15B-C64BB3136048}.Debug|x64.Build.0 = Debug|Any CPU
		{2AEABF36-4F3E-4D58-A15B-C64BB3136048}.Debug|x86.ActiveCfg = Debug|Any CPU
		{2AEABF36-4F3E-4D58-A15B-C64BB3136048}.Debug|x86.Build.0 = Debug|Any CPU
		{2AEABF36-4F3E-4D58-A15B-C64BB3136048}.Release|Any CPU.ActiveCfg = Release|Any CPU
		{2AEABF36-4F3E-4D58-A15B-C64BB3136048}.Release|Any CPU.Build.0 = Release|Any CPU
		{2AEABF36-4F3E-4D58-A15B-C64BB3136048}.Release|x64.ActiveCfg = Release|Any CPU
		{2AEABF36-4F3E-4D58-A15B-C64BB3136048}.Release|x64.Build.0 = Release|Any CPU
		{2AEABF36-4F3E-4D58-A15B-C64BB3136048}.Release|x86.ActiveCfg = Release|Any CPU
		{2AEABF36-4F3E-4D58-A15B-C64BB3136048}.Release|x86.Build.0 = Release|Any CPU
		{5618D0C2-3BD6-4FAA-A916-C9EEC2635CC7}.Debug|Any CPU.ActiveCfg = Debug|Any CPU
		{5618D0C2-3BD6-4FAA-A916-C9EEC2635CC7}.Debug|Any CPU.Build.0 = Debug|Any CPU
		{5618D0C2-3BD6-4FAA-A916-C9EEC2635CC7}.Debug|x64.ActiveCfg = Debug|Any CPU
		{5618D0C2-3BD6-4FAA-A916-C9EEC2635CC7}.Debug|x64.Build.0 = Debug|Any CPU
		{5618D0C2-3BD6-4FAA-A916-C9EEC2635CC7}.Debug|x86.ActiveCfg = Debug|Any CPU
		{5618D0C2-3BD6-4FAA-A916-C9EEC2635CC7}.Debug|x86.Build.0 = Debug|Any CPU
		{5618D0C2-3BD6-4FAA-A916-C9EEC2635CC7}.Release|Any CPU.ActiveCfg = Release|Any CPU
		{5618D0C2-3BD6-4FAA-A916-C9EEC2635CC7}.Release|Any CPU.Build.0 = Release|Any CPU
		{5618D0C2-3BD6-4FAA-A916-C9EEC2635CC7}.Release|x64.ActiveCfg = Release|Any CPU
		{5618D0C2-3BD6-4FAA-A916-C9EEC2635CC7}.Release|x64.Build.0 = Release|Any CPU
		{5618D0C2-3BD6-4FAA-A916-C9EEC2635CC7}.Release|x86.ActiveCfg = Release|Any CPU
		{5618D0C2-3BD6-4FAA-A916-C9EEC2635CC7}.Release|x86.Build.0 = Release|Any CPU
		{DE75A02A-F65C-4D79-BDF5-A8F7564C53BF}.Debug|Any CPU.ActiveCfg = Debug|Any CPU
		{DE75A02A-F65C-4D79-BDF5-A8F7564C53BF}.Debug|Any CPU.Build.0 = Debug|Any CPU
		{DE75A02A-F65C-4D79-BDF5-A8F7564C53BF}.Debug|x64.ActiveCfg = Debug|Any CPU
		{DE75A02A-F65C-4D79-BDF5-A8F7564C53BF}.Debug|x64.Build.0 = Debug|Any CPU
		{DE75A02A-F65C-4D79-BDF5-A8F7564C53BF}.Debug|x86.ActiveCfg = Debug|Any CPU
		{DE75A02A-F65C-4D79-BDF5-A8F7564C53BF}.Debug|x86.Build.0 = Debug|Any CPU
		{DE75A02A-F65C-4D79-BDF5-A8F7564C53BF}.Release|Any CPU.ActiveCfg = Release|Any CPU
		{DE75A02A-F65C-4D79-BDF5-A8F7564C53BF}.Release|Any CPU.Build.0 = Release|Any CPU
		{DE75A02A-F65C-4D79-BDF5-A8F7564C53BF}.Release|x64.ActiveCfg = Release|Any CPU
		{DE75A02A-F65C-4D79-BDF5-A8F7564C53BF}.Release|x64.Build.0 = Release|Any CPU
		{DE75A02A-F65C-4D79-BDF5-A8F7564C53BF}.Release|x86.ActiveCfg = Release|Any CPU
		{DE75A02A-F65C-4D79-BDF5-A8F7564C53BF}.Release|x86.Build.0 = Release|Any CPU
		{9BEA7C74-EDA5-4E49-B9C7-E59BAD83159C}.Debug|Any CPU.ActiveCfg = Debug|Any CPU
		{9BEA7C74-EDA5-4E49-B9C7-E59BAD83159C}.Debug|Any CPU.Build.0 = Debug|Any CPU
		{9BEA7C74-EDA5-4E49-B9C7-E59BAD83159C}.Debug|x64.ActiveCfg = Debug|Any CPU
		{9BEA7C74-EDA5-4E49-B9C7-E59BAD83159C}.Debug|x64.Build.0 = Debug|Any CPU
		{9BEA7C74-EDA5-4E49-B9C7-E59BAD83159C}.Debug|x86.ActiveCfg = Debug|Any CPU
		{9BEA7C74-EDA5-4E49-B9C7-E59BAD83159C}.Debug|x86.Build.0 = Debug|Any CPU
		{9BEA7C74-EDA5-4E49-B9C7-E59BAD83159C}.Release|Any CPU.ActiveCfg = Release|Any CPU
		{9BEA7C74-EDA5-4E49-B9C7-E59BAD83159C}.Release|Any CPU.Build.0 = Release|Any CPU
		{9BEA7C74-EDA5-4E49-B9C7-E59BAD83159C}.Release|x64.ActiveCfg = Release|Any CPU
		{9BEA7C74-EDA5-4E49-B9C7-E59BAD83159C}.Release|x64.Build.0 = Release|Any CPU
		{9BEA7C74-EDA5-4E49-B9C7-E59BAD83159C}.Release|x86.ActiveCfg = Release|Any CPU
		{9BEA7C74-EDA5-4E49-B9C7-E59BAD83159C}.Release|x86.Build.0 = Release|Any CPU
		{94882BD3-571E-4BE9-8C1F-2BF4F353168B}.Debug|Any CPU.ActiveCfg = Debug|Any CPU
		{94882BD3-571E-4BE9-8C1F-2BF4F353168B}.Debug|Any CPU.Build.0 = Debug|Any CPU
		{94882BD3-571E-4BE9-8C1F-2BF4F353168B}.Debug|x64.ActiveCfg = Debug|Any CPU
		{94882BD3-571E-4BE9-8C1F-2BF4F353168B}.Debug|x64.Build.0 = Debug|Any CPU
		{94882BD3-571E-4BE9-8C1F-2BF4F353168B}.Debug|x86.ActiveCfg = Debug|Any CPU
		{94882BD3-571E-4BE9-8C1F-2BF4F353168B}.Debug|x86.Build.0 = Debug|Any CPU
		{94882BD3-571E-4BE9-8C1F-2BF4F353168B}.Release|Any CPU.ActiveCfg = Release|Any CPU
		{94882BD3-571E-4BE9-8C1F-2BF4F353168B}.Release|Any CPU.Build.0 = Release|Any CPU
		{94882BD3-571E-4BE9-8C1F-2BF4F353168B}.Release|x64.ActiveCfg = Release|Any CPU
		{94882BD3-571E-4BE9-8C1F-2BF4F353168B}.Release|x64.Build.0 = Release|Any CPU
		{94882BD3-571E-4BE9-8C1F-2BF4F353168B}.Release|x86.ActiveCfg = Release|Any CPU
		{94882BD3-571E-4BE9-8C1F-2BF4F353168B}.Release|x86.Build.0 = Release|Any CPU
		{517F1AFE-B196-4809-AA10-9280B779DD4C}.Debug|Any CPU.ActiveCfg = Debug|Any CPU
		{517F1AFE-B196-4809-AA10-9280B779DD4C}.Debug|Any CPU.Build.0 = Debug|Any CPU
		{517F1AFE-B196-4809-AA10-9280B779DD4C}.Debug|x64.ActiveCfg = Debug|Any CPU
		{517F1AFE-B196-4809-AA10-9280B779DD4C}.Debug|x64.Build.0 = Debug|Any CPU
		{517F1AFE-B196-4809-AA10-9280B779DD4C}.Debug|x86.ActiveCfg = Debug|Any CPU
		{517F1AFE-B196-4809-AA10-9280B779DD4C}.Debug|x86.Build.0 = Debug|Any CPU
		{517F1AFE-B196-4809-AA10-9280B779DD4C}.Release|Any CPU.ActiveCfg = Release|Any CPU
		{517F1AFE-B196-4809-AA10-9280B779DD4C}.Release|Any CPU.Build.0 = Release|Any CPU
		{517F1AFE-B196-4809-AA10-9280B779DD4C}.Release|x64.ActiveCfg = Release|Any CPU
		{517F1AFE-B196-4809-AA10-9280B779DD4C}.Release|x64.Build.0 = Release|Any CPU
		{517F1AFE-B196-4809-AA10-9280B779DD4C}.Release|x86.ActiveCfg = Release|Any CPU
		{517F1AFE-B196-4809-AA10-9280B779DD4C}.Release|x86.Build.0 = Release|Any CPU
	EndGlobalSection
	GlobalSection(SolutionProperties) = preSolution
		HideSolutionNode = FALSE
	EndGlobalSection
	GlobalSection(NestedProjects) = preSolution
		{2AEABF36-4F3E-4D58-A15B-C64BB3136048} = {0AB3BF05-4346-4AA6-1389-037BE0695223}
		{5618D0C2-3BD6-4FAA-A916-C9EEC2635CC7} = {0AB3BF05-4346-4AA6-1389-037BE0695223}
		{DE75A02A-F65C-4D79-BDF5-A8F7564C53BF} = {0AB3BF05-4346-4AA6-1389-037BE0695223}
		{9BEA7C74-EDA5-4E49-B9C7-E59BAD83159C} = {0AB3BF05-4346-4AA6-1389-037BE0695223}
		{94882BD3-571E-4BE9-8C1F-2BF4F353168B} = {0AB3BF05-4346-4AA6-1389-037BE0695223}
		{517F1AFE-B196-4809-AA10-9280B779DD4C} = {0AB3BF05-4346-4AA6-1389-037BE0695223}
	EndGlobalSection
EndGlobal
